
Microsoft Visual Studio Solution File, Format Version 12.00
# Visual Studio Version 17
VisualStudioVersion = 17.6.33513.286
MinimumVisualStudioVersion = 10.0.40219.1
Project("{2150E333-8FDC-42A3-9474-1A3956D46DE8}") = "src", "src", "{1B5DAB12-B624-46E1-8519-E3AEA69249B3}"
EndProject
Project("{9A19103F-16F7-4668-BE54-9A1E7A4F7556}") = "TravelApi.Domain", "TravelApi.Domain\TravelApi.Domain.csproj", "{3DC4D3E5-4887-45AC-B504-D09147F483B3}"
EndProject
Project("{FAE04EC0-301F-11D3-BF4B-00C04F79EFBC}") = "TravelApi.Persistence", "TravelApi.Persistence\TravelApi.Persistence.csproj", "{F93301C3-C552-4EE0-B515-C25B24CF5E60}"
EndProject
Global
	GlobalSection(SolutionConfigurationPlatforms) = preSolution
		Debug|Any CPU = Debug|Any CPU
		Release|Any CPU = Release|Any CPU
	EndGlobalSection
	GlobalSection(ProjectConfigurationPlatforms) = postSolution
		{3DC4D3E5-4887-45AC-B504-D09147F483B3}.Debug|Any CPU.ActiveCfg = Debug|Any CPU
		{3DC4D3E5-4887-45AC-B504-D09147F483B3}.Debug|Any CPU.Build.0 = Debug|Any CPU
		{3DC4D3E5-4887-45AC-B504-D09147F483B3}.Release|Any CPU.ActiveCfg = Release|Any CPU
		{3DC4D3E5-4887-45AC-B504-D09147F483B3}.Release|Any CPU.Build.0 = Release|Any CPU
		{F93301C3-C552-4EE0-B515-C25B24CF5E60}.Debug|Any CPU.ActiveCfg = Debug|Any CPU
		{F93301C3-C552-4EE0-B515-C25B24CF5E60}.Debug|Any CPU.Build.0 = Debug|Any CPU
		{F93301C3-C552-4EE0-B515-C25B24CF5E60}.Release|Any CPU.ActiveCfg = Release|Any CPU
		{F93301C3-C552-4EE0-B515-C25B24CF5E60}.Release|Any CPU.Build.0 = Release|Any CPU
	EndGlobalSection
	GlobalSection(SolutionProperties) = preSolution
		HideSolutionNode = FALSE
	EndGlobalSection
	GlobalSection(NestedProjects) = preSolution
		{3DC4D3E5-4887-45AC-B504-D09147F483B3} = {1B5DAB12-B624-46E1-8519-E3AEA69249B3}
		{F93301C3-C552-4EE0-B515-C25B24CF5E60} = {1B5DAB12-B624-46E1-8519-E3AEA69249B3}
	EndGlobalSection
	GlobalSection(ExtensibilityGlobals) = postSolution
		SolutionGuid = {0531D052-8CCA-4716-87B6-1A9F159DA07B}
	EndGlobalSection
EndGlobal
